// !$*UTF8*$!
{
	archiveVersion = 1;
	classes = {
	};
	objectVersion = 50;
	objects = {

/* Begin PBXBuildFile section */
		4526049026A9895B00D2B950 /* SearchNetworkManagerTests.swift in Sources */ = {isa = PBXBuildFile; fileRef = 4526048F26A9895B00D2B950 /* SearchNetworkManagerTests.swift */; };
		E477EC2726A839FB00EA3B1B /* AppDelegate.swift in Sources */ = {isa = PBXBuildFile; fileRef = E477EC2626A839FB00EA3B1B /* AppDelegate.swift */; };
		E477EC2926A839FB00EA3B1B /* SceneDelegate.swift in Sources */ = {isa = PBXBuildFile; fileRef = E477EC2826A839FB00EA3B1B /* SceneDelegate.swift */; };
		E477EC2B26A839FB00EA3B1B /* MapViewController.swift in Sources */ = {isa = PBXBuildFile; fileRef = E477EC2A26A839FB00EA3B1B /* MapViewController.swift */; };
		E477EC3026A839FC00EA3B1B /* Assets.xcassets in Resources */ = {isa = PBXBuildFile; fileRef = E477EC2F26A839FC00EA3B1B /* Assets.xcassets */; };
		E477EC3326A839FC00EA3B1B /* LaunchScreen.storyboard in Resources */ = {isa = PBXBuildFile; fileRef = E477EC3126A839FC00EA3B1B /* LaunchScreen.storyboard */; };
		E477EC5826A863D200EA3B1B /* SearchResultsViewController.swift in Sources */ = {isa = PBXBuildFile; fileRef = E477EC5726A863D200EA3B1B /* SearchResultsViewController.swift */; };
		E477EC5A26A86BE700EA3B1B /* PlaceOfInterestTableViewCell.swift in Sources */ = {isa = PBXBuildFile; fileRef = E477EC5926A86BE700EA3B1B /* PlaceOfInterestTableViewCell.swift */; };
		E477EC5D26A87A3E00EA3B1B /* SearchResultsVCViewModel.swift in Sources */ = {isa = PBXBuildFile; fileRef = E477EC5C26A87A3E00EA3B1B /* SearchResultsVCViewModel.swift */; };
		E477EC6226A96BFA00EA3B1B /* SearchNetworkManager.swift in Sources */ = {isa = PBXBuildFile; fileRef = E477EC6126A96BFA00EA3B1B /* SearchNetworkManager.swift */; };
		E477EC6426A96EA700EA3B1B /* SearchNetworkManagerProtocol.swift in Sources */ = {isa = PBXBuildFile; fileRef = E477EC6326A96EA700EA3B1B /* SearchNetworkManagerProtocol.swift */; };
		E477EC6C26A9BD0000EA3B1B /* NavigationUITests.swift in Sources */ = {isa = PBXBuildFile; fileRef = E477EC6B26A9BD0000EA3B1B /* NavigationUITests.swift */; };
		E477EC6E26AAB67600EA3B1B /* SearchResultsVCViewModelTests.swift in Sources */ = {isa = PBXBuildFile; fileRef = E477EC6D26AAB67500EA3B1B /* SearchResultsVCViewModelTests.swift */; };
		E477EC7126AAC56800EA3B1B /* MockSearchObjects.swift in Sources */ = {isa = PBXBuildFile; fileRef = E477EC7026AAC56800EA3B1B /* MockSearchObjects.swift */; };
/* End PBXBuildFile section */

/* Begin PBXContainerItemProxy section */
		E477EC3A26A839FD00EA3B1B /* PBXContainerItemProxy */ = {
			isa = PBXContainerItemProxy;
			containerPortal = E477EC1B26A839FA00EA3B1B /* Project object */;
			proxyType = 1;
			remoteGlobalIDString = E477EC2226A839FB00EA3B1B;
			remoteInfo = "places to visit app";
		};
		E477EC4526A839FD00EA3B1B /* PBXContainerItemProxy */ = {
			isa = PBXContainerItemProxy;
			containerPortal = E477EC1B26A839FA00EA3B1B /* Project object */;
			proxyType = 1;
			remoteGlobalIDString = E477EC2226A839FB00EA3B1B;
			remoteInfo = "places to visit app";
		};
/* End PBXContainerItemProxy section */

/* Begin PBXFileReference section */
		4526048F26A9895B00D2B950 /* SearchNetworkManagerTests.swift */ = {isa = PBXFileReference; fileEncoding = 4; lastKnownFileType = sourcecode.swift; path = SearchNetworkManagerTests.swift; sourceTree = "<group>"; };
		E477EC2326A839FB00EA3B1B /* places to visit app.app */ = {isa = PBXFileReference; explicitFileType = wrapper.application; includeInIndex = 0; path = "places to visit app.app"; sourceTree = BUILT_PRODUCTS_DIR; };
		E477EC2626A839FB00EA3B1B /* AppDelegate.swift */ = {isa = PBXFileReference; lastKnownFileType = sourcecode.swift; path = AppDelegate.swift; sourceTree = "<group>"; };
		E477EC2826A839FB00EA3B1B /* SceneDelegate.swift */ = {isa = PBXFileReference; lastKnownFileType = sourcecode.swift; path = SceneDelegate.swift; sourceTree = "<group>"; };
		E477EC2A26A839FB00EA3B1B /* MapViewController.swift */ = {isa = PBXFileReference; lastKnownFileType = sourcecode.swift; path = MapViewController.swift; sourceTree = "<group>"; };
		E477EC2F26A839FC00EA3B1B /* Assets.xcassets */ = {isa = PBXFileReference; lastKnownFileType = folder.assetcatalog; path = Assets.xcassets; sourceTree = "<group>"; };
		E477EC3226A839FC00EA3B1B /* Base */ = {isa = PBXFileReference; lastKnownFileType = file.storyboard; name = Base; path = Base.lproj/LaunchScreen.storyboard; sourceTree = "<group>"; };
		E477EC3426A839FC00EA3B1B /* Info.plist */ = {isa = PBXFileReference; lastKnownFileType = text.plist.xml; path = Info.plist; sourceTree = "<group>"; };
		E477EC3926A839FD00EA3B1B /* places to visit appTests.xctest */ = {isa = PBXFileReference; explicitFileType = wrapper.cfbundle; includeInIndex = 0; path = "places to visit appTests.xctest"; sourceTree = BUILT_PRODUCTS_DIR; };
		E477EC3F26A839FD00EA3B1B /* Info.plist */ = {isa = PBXFileReference; lastKnownFileType = text.plist.xml; path = Info.plist; sourceTree = "<group>"; };
		E477EC4426A839FD00EA3B1B /* places to visit appUITests.xctest */ = {isa = PBXFileReference; explicitFileType = wrapper.cfbundle; includeInIndex = 0; path = "places to visit appUITests.xctest"; sourceTree = BUILT_PRODUCTS_DIR; };
		E477EC4A26A839FD00EA3B1B /* Info.plist */ = {isa = PBXFileReference; lastKnownFileType = text.plist.xml; path = Info.plist; sourceTree = "<group>"; };
		E477EC5726A863D200EA3B1B /* SearchResultsViewController.swift */ = {isa = PBXFileReference; lastKnownFileType = sourcecode.swift; path = SearchResultsViewController.swift; sourceTree = "<group>"; };
		E477EC5926A86BE700EA3B1B /* PlaceOfInterestTableViewCell.swift */ = {isa = PBXFileReference; fileEncoding = 4; lastKnownFileType = sourcecode.swift; path = PlaceOfInterestTableViewCell.swift; sourceTree = "<group>"; };
		E477EC5C26A87A3E00EA3B1B /* SearchResultsVCViewModel.swift */ = {isa = PBXFileReference; lastKnownFileType = sourcecode.swift; path = SearchResultsVCViewModel.swift; sourceTree = "<group>"; };
		E477EC6126A96BFA00EA3B1B /* SearchNetworkManager.swift */ = {isa = PBXFileReference; lastKnownFileType = sourcecode.swift; path = SearchNetworkManager.swift; sourceTree = "<group>"; };
		E477EC6326A96EA700EA3B1B /* SearchNetworkManagerProtocol.swift */ = {isa = PBXFileReference; lastKnownFileType = sourcecode.swift; path = SearchNetworkManagerProtocol.swift; sourceTree = "<group>"; };
		E477EC6B26A9BD0000EA3B1B /* NavigationUITests.swift */ = {isa = PBXFileReference; lastKnownFileType = sourcecode.swift; path = NavigationUITests.swift; sourceTree = "<group>"; };
		E477EC6D26AAB67500EA3B1B /* SearchResultsVCViewModelTests.swift */ = {isa = PBXFileReference; lastKnownFileType = sourcecode.swift; path = SearchResultsVCViewModelTests.swift; sourceTree = "<group>"; };
		E477EC7026AAC56800EA3B1B /* MockSearchObjects.swift */ = {isa = PBXFileReference; lastKnownFileType = sourcecode.swift; path = MockSearchObjects.swift; sourceTree = "<group>"; };
/* End PBXFileReference section */

/* Begin PBXFrameworksBuildPhase section */
		E477EC2026A839FB00EA3B1B /* Frameworks */ = {
			isa = PBXFrameworksBuildPhase;
			buildActionMask = 2147483647;
			files = (
			);
			runOnlyForDeploymentPostprocessing = 0;
		};
		E477EC3626A839FD00EA3B1B /* Frameworks */ = {
			isa = PBXFrameworksBuildPhase;
			buildActionMask = 2147483647;
			files = (
			);
			runOnlyForDeploymentPostprocessing = 0;
		};
		E477EC4126A839FD00EA3B1B /* Frameworks */ = {
			isa = PBXFrameworksBuildPhase;
			buildActionMask = 2147483647;
			files = (
			);
			runOnlyForDeploymentPostprocessing = 0;
		};
/* End PBXFrameworksBuildPhase section */

/* Begin PBXGroup section */
		E477EC1A26A839FA00EA3B1B = {
			isa = PBXGroup;
			children = (
				E477EC2526A839FB00EA3B1B /* places to visit app */,
				E477EC3C26A839FD00EA3B1B /* places to visit appTests */,
				E477EC4726A839FD00EA3B1B /* places to visit appUITests */,
				E477EC2426A839FB00EA3B1B /* Products */,
			);
			sourceTree = "<group>";
		};
		E477EC2426A839FB00EA3B1B /* Products */ = {
			isa = PBXGroup;
			children = (
				E477EC2326A839FB00EA3B1B /* places to visit app.app */,
				E477EC3926A839FD00EA3B1B /* places to visit appTests.xctest */,
				E477EC4426A839FD00EA3B1B /* places to visit appUITests.xctest */,
			);
			name = Products;
			sourceTree = "<group>";
		};
		E477EC2526A839FB00EA3B1B /* places to visit app */ = {
			isa = PBXGroup;
			children = (
				E477EC6326A96EA700EA3B1B /* SearchNetworkManagerProtocol.swift */,
				E477EC6126A96BFA00EA3B1B /* SearchNetworkManager.swift */,
				E477EC5B26A87A1C00EA3B1B /* view models */,
				E477EC5626A8638E00EA3B1B /* views */,
				E477EC2626A839FB00EA3B1B /* AppDelegate.swift */,
				E477EC2826A839FB00EA3B1B /* SceneDelegate.swift */,
				E477EC2F26A839FC00EA3B1B /* Assets.xcassets */,
				E477EC3126A839FC00EA3B1B /* LaunchScreen.storyboard */,
				E477EC3426A839FC00EA3B1B /* Info.plist */,
			);
			path = "places to visit app";
			sourceTree = "<group>";
		};
		E477EC3C26A839FD00EA3B1B /* places to visit appTests */ = {
			isa = PBXGroup;
			children = (
				E477EC6F26AAC53A00EA3B1B /* Mocks */,
				E477EC3F26A839FD00EA3B1B /* Info.plist */,
				4526048F26A9895B00D2B950 /* SearchNetworkManagerTests.swift */,
				E477EC6D26AAB67500EA3B1B /* SearchResultsVCViewModelTests.swift */,
			);
			path = "places to visit appTests";
			sourceTree = "<group>";
		};
		E477EC4726A839FD00EA3B1B /* places to visit appUITests */ = {
			isa = PBXGroup;
			children = (
				E477EC4A26A839FD00EA3B1B /* Info.plist */,
				E477EC6B26A9BD0000EA3B1B /* NavigationUITests.swift */,
			);
			path = "places to visit appUITests";
			sourceTree = "<group>";
		};
		E477EC5626A8638E00EA3B1B /* views */ = {
			isa = PBXGroup;
			children = (
				E477EC2A26A839FB00EA3B1B /* MapViewController.swift */,
				E477EC5926A86BE700EA3B1B /* PlaceOfInterestTableViewCell.swift */,
				E477EC5726A863D200EA3B1B /* SearchResultsViewController.swift */,
			);
			path = views;
			sourceTree = "<group>";
		};
		E477EC5B26A87A1C00EA3B1B /* view models */ = {
			isa = PBXGroup;
			children = (
				E477EC5C26A87A3E00EA3B1B /* SearchResultsVCViewModel.swift */,
			);
			path = "view models";
			sourceTree = "<group>";
		};
		E477EC6F26AAC53A00EA3B1B /* Mocks */ = {
			isa = PBXGroup;
			children = (
				E477EC7026AAC56800EA3B1B /* MockSearchObjects.swift */,
			);
			path = Mocks;
			sourceTree = "<group>";
		};
/* End PBXGroup section */

/* Begin PBXNativeTarget section */
		E477EC2226A839FB00EA3B1B /* places to visit app */ = {
			isa = PBXNativeTarget;
			buildConfigurationList = E477EC4D26A839FD00EA3B1B /* Build configuration list for PBXNativeTarget "places to visit app" */;
			buildPhases = (
				E477EC1F26A839FB00EA3B1B /* Sources */,
				E477EC2026A839FB00EA3B1B /* Frameworks */,
				E477EC2126A839FB00EA3B1B /* Resources */,
			);
			buildRules = (
			);
			dependencies = (
			);
			name = "places to visit app";
			productName = "places to visit app";
			productReference = E477EC2326A839FB00EA3B1B /* places to visit app.app */;
			productType = "com.apple.product-type.application";
		};
		E477EC3826A839FD00EA3B1B /* places to visit appTests */ = {
			isa = PBXNativeTarget;
			buildConfigurationList = E477EC5026A839FD00EA3B1B /* Build configuration list for PBXNativeTarget "places to visit appTests" */;
			buildPhases = (
				E477EC3526A839FD00EA3B1B /* Sources */,
				E477EC3626A839FD00EA3B1B /* Frameworks */,
				E477EC3726A839FD00EA3B1B /* Resources */,
			);
			buildRules = (
			);
			dependencies = (
				E477EC3B26A839FD00EA3B1B /* PBXTargetDependency */,
			);
			name = "places to visit appTests";
			productName = "places to visit appTests";
			productReference = E477EC3926A839FD00EA3B1B /* places to visit appTests.xctest */;
			productType = "com.apple.product-type.bundle.unit-test";
		};
		E477EC4326A839FD00EA3B1B /* places to visit appUITests */ = {
			isa = PBXNativeTarget;
			buildConfigurationList = E477EC5326A839FD00EA3B1B /* Build configuration list for PBXNativeTarget "places to visit appUITests" */;
			buildPhases = (
				E477EC4026A839FD00EA3B1B /* Sources */,
				E477EC4126A839FD00EA3B1B /* Frameworks */,
				E477EC4226A839FD00EA3B1B /* Resources */,
			);
			buildRules = (
			);
			dependencies = (
				E477EC4626A839FD00EA3B1B /* PBXTargetDependency */,
			);
			name = "places to visit appUITests";
			productName = "places to visit appUITests";
			productReference = E477EC4426A839FD00EA3B1B /* places to visit appUITests.xctest */;
			productType = "com.apple.product-type.bundle.ui-testing";
		};
/* End PBXNativeTarget section */

/* Begin PBXProject section */
		E477EC1B26A839FA00EA3B1B /* Project object */ = {
			isa = PBXProject;
			attributes = {
				LastSwiftUpdateCheck = 1250;
				LastUpgradeCheck = 1250;
				TargetAttributes = {
					E477EC2226A839FB00EA3B1B = {
						CreatedOnToolsVersion = 12.5;
					};
					E477EC3826A839FD00EA3B1B = {
						CreatedOnToolsVersion = 12.5;
						LastSwiftMigration = 1250;
						TestTargetID = E477EC2226A839FB00EA3B1B;
					};
					E477EC4326A839FD00EA3B1B = {
						CreatedOnToolsVersion = 12.5;
						LastSwiftMigration = 1250;
						TestTargetID = E477EC2226A839FB00EA3B1B;
					};
				};
			};
			buildConfigurationList = E477EC1E26A839FA00EA3B1B /* Build configuration list for PBXProject "places to visit app" */;
			compatibilityVersion = "Xcode 9.3";
			developmentRegion = en;
			hasScannedForEncodings = 0;
			knownRegions = (
				en,
				Base,
			);
			mainGroup = E477EC1A26A839FA00EA3B1B;
			productRefGroup = E477EC2426A839FB00EA3B1B /* Products */;
			projectDirPath = "";
			projectRoot = "";
			targets = (
				E477EC2226A839FB00EA3B1B /* places to visit app */,
				E477EC3826A839FD00EA3B1B /* places to visit appTests */,
				E477EC4326A839FD00EA3B1B /* places to visit appUITests */,
			);
		};
/* End PBXProject section */

/* Begin PBXResourcesBuildPhase section */
		E477EC2126A839FB00EA3B1B /* Resources */ = {
			isa = PBXResourcesBuildPhase;
			buildActionMask = 2147483647;
			files = (
				E477EC3326A839FC00EA3B1B /* LaunchScreen.storyboard in Resources */,
				E477EC3026A839FC00EA3B1B /* Assets.xcassets in Resources */,
			);
			runOnlyForDeploymentPostprocessing = 0;
		};
		E477EC3726A839FD00EA3B1B /* Resources */ = {
			isa = PBXResourcesBuildPhase;
			buildActionMask = 2147483647;
			files = (
			);
			runOnlyForDeploymentPostprocessing = 0;
		};
		E477EC4226A839FD00EA3B1B /* Resources */ = {
			isa = PBXResourcesBuildPhase;
			buildActionMask = 2147483647;
			files = (
			);
			runOnlyForDeploymentPostprocessing = 0;
		};
/* End PBXResourcesBuildPhase section */

/* Begin PBXSourcesBuildPhase section */
		E477EC1F26A839FB00EA3B1B /* Sources */ = {
			isa = PBXSourcesBuildPhase;
			buildActionMask = 2147483647;
			files = (
				E477EC5D26A87A3E00EA3B1B /* SearchResultsVCViewModel.swift in Sources */,
				E477EC2B26A839FB00EA3B1B /* MapViewController.swift in Sources */,
				E477EC5826A863D200EA3B1B /* SearchResultsViewController.swift in Sources */,
				E477EC6226A96BFA00EA3B1B /* SearchNetworkManager.swift in Sources */,
				E477EC2726A839FB00EA3B1B /* AppDelegate.swift in Sources */,
				E477EC5A26A86BE700EA3B1B /* PlaceOfInterestTableViewCell.swift in Sources */,
				E477EC2926A839FB00EA3B1B /* SceneDelegate.swift in Sources */,
				E477EC6426A96EA700EA3B1B /* SearchNetworkManagerProtocol.swift in Sources */,
			);
			runOnlyForDeploymentPostprocessing = 0;
		};
		E477EC3526A839FD00EA3B1B /* Sources */ = {
			isa = PBXSourcesBuildPhase;
			buildActionMask = 2147483647;
			files = (
				E477EC6E26AAB67600EA3B1B /* SearchResultsVCViewModelTests.swift in Sources */,
				4526049026A9895B00D2B950 /* SearchNetworkManagerTests.swift in Sources */,
				E477EC7126AAC56800EA3B1B /* MockSearchObjects.swift in Sources */,
			);
			runOnlyForDeploymentPostprocessing = 0;
		};
		E477EC4026A839FD00EA3B1B /* Sources */ = {
			isa = PBXSourcesBuildPhase;
			buildActionMask = 2147483647;
			files = (
				E477EC6C26A9BD0000EA3B1B /* NavigationUITests.swift in Sources */,
			);
			runOnlyForDeploymentPostprocessing = 0;
		};
/* End PBXSourcesBuildPhase section */

/* Begin PBXTargetDependency section */
		E477EC3B26A839FD00EA3B1B /* PBXTargetDependency */ = {
			isa = PBXTargetDependency;
			target = E477EC2226A839FB00EA3B1B /* places to visit app */;
			targetProxy = E477EC3A26A839FD00EA3B1B /* PBXContainerItemProxy */;
		};
		E477EC4626A839FD00EA3B1B /* PBXTargetDependency */ = {
			isa = PBXTargetDependency;
			target = E477EC2226A839FB00EA3B1B /* places to visit app */;
			targetProxy = E477EC4526A839FD00EA3B1B /* PBXContainerItemProxy */;
		};
/* End PBXTargetDependency section */

/* Begin PBXVariantGroup section */
		E477EC3126A839FC00EA3B1B /* LaunchScreen.storyboard */ = {
			isa = PBXVariantGroup;
			children = (
				E477EC3226A839FC00EA3B1B /* Base */,
			);
			name = LaunchScreen.storyboard;
			sourceTree = "<group>";
		};
/* End PBXVariantGroup section */

/* Begin XCBuildConfiguration section */
		E477EC4B26A839FD00EA3B1B /* Debug */ = {
			isa = XCBuildConfiguration;
			buildSettings = {
				ALWAYS_SEARCH_USER_PATHS = NO;
				CLANG_ANALYZER_NONNULL = YES;
				CLANG_ANALYZER_NUMBER_OBJECT_CONVERSION = YES_AGGRESSIVE;
				CLANG_CXX_LANGUAGE_STANDARD = "gnu++14";
				CLANG_CXX_LIBRARY = "libc++";
				CLANG_ENABLE_MODULES = YES;
				CLANG_ENABLE_OBJC_ARC = YES;
				CLANG_ENABLE_OBJC_WEAK = YES;
				CLANG_WARN_BLOCK_CAPTURE_AUTORELEASING = YES;
				CLANG_WARN_BOOL_CONVERSION = YES;
				CLANG_WARN_COMMA = YES;
				CLANG_WARN_CONSTANT_CONVERSION = YES;
				CLANG_WARN_DEPRECATED_OBJC_IMPLEMENTATIONS = YES;
				CLANG_WARN_DIRECT_OBJC_ISA_USAGE = YES_ERROR;
				CLANG_WARN_DOCUMENTATION_COMMENTS = YES;
				CLANG_WARN_EMPTY_BODY = YES;
				CLANG_WARN_ENUM_CONVERSION = YES;
				CLANG_WARN_INFINITE_RECURSION = YES;
				CLANG_WARN_INT_CONVERSION = YES;
				CLANG_WARN_NON_LITERAL_NULL_CONVERSION = YES;
				CLANG_WARN_OBJC_IMPLICIT_RETAIN_SELF = YES;
				CLANG_WARN_OBJC_LITERAL_CONVERSION = YES;
				CLANG_WARN_OBJC_ROOT_CLASS = YES_ERROR;
				CLANG_WARN_QUOTED_INCLUDE_IN_FRAMEWORK_HEADER = YES;
				CLANG_WARN_RANGE_LOOP_ANALYSIS = YES;
				CLANG_WARN_STRICT_PROTOTYPES = YES;
				CLANG_WARN_SUSPICIOUS_MOVE = YES;
				CLANG_WARN_UNGUARDED_AVAILABILITY = YES_AGGRESSIVE;
				CLANG_WARN_UNREACHABLE_CODE = YES;
				CLANG_WARN__DUPLICATE_METHOD_MATCH = YES;
				COPY_PHASE_STRIP = NO;
				DEBUG_INFORMATION_FORMAT = dwarf;
				ENABLE_STRICT_OBJC_MSGSEND = YES;
				ENABLE_TESTABILITY = YES;
				GCC_C_LANGUAGE_STANDARD = gnu11;
				GCC_DYNAMIC_NO_PIC = NO;
				GCC_NO_COMMON_BLOCKS = YES;
				GCC_OPTIMIZATION_LEVEL = 0;
				GCC_PREPROCESSOR_DEFINITIONS = (
					"DEBUG=1",
					"$(inherited)",
				);
				GCC_WARN_64_TO_32_BIT_CONVERSION = YES;
				GCC_WARN_ABOUT_RETURN_TYPE = YES_ERROR;
				GCC_WARN_UNDECLARED_SELECTOR = YES;
				GCC_WARN_UNINITIALIZED_AUTOS = YES_AGGRESSIVE;
				GCC_WARN_UNUSED_FUNCTION = YES;
				GCC_WARN_UNUSED_VARIABLE = YES;
				IPHONEOS_DEPLOYMENT_TARGET = 14.5;
				MTL_ENABLE_DEBUG_INFO = INCLUDE_SOURCE;
				MTL_FAST_MATH = YES;
				ONLY_ACTIVE_ARCH = YES;
				SDKROOT = iphoneos;
				SWIFT_ACTIVE_COMPILATION_CONDITIONS = DEBUG;
				SWIFT_OPTIMIZATION_LEVEL = "-Onone";
			};
			name = Debug;
		};
		E477EC4C26A839FD00EA3B1B /* Release */ = {
			isa = XCBuildConfiguration;
			buildSettings = {
				ALWAYS_SEARCH_USER_PATHS = NO;
				CLANG_ANALYZER_NONNULL = YES;
				CLANG_ANALYZER_NUMBER_OBJECT_CONVERSION = YES_AGGRESSIVE;
				CLANG_CXX_LANGUAGE_STANDARD = "gnu++14";
				CLANG_CXX_LIBRARY = "libc++";
				CLANG_ENABLE_MODULES = YES;
				CLANG_ENABLE_OBJC_ARC = YES;
				CLANG_ENABLE_OBJC_WEAK = YES;
				CLANG_WARN_BLOCK_CAPTURE_AUTORELEASING = YES;
				CLANG_WARN_BOOL_CONVERSION = YES;
				CLANG_WARN_COMMA = YES;
				CLANG_WARN_CONSTANT_CONVERSION = YES;
				CLANG_WARN_DEPRECATED_OBJC_IMPLEMENTATIONS = YES;
				CLANG_WARN_DIRECT_OBJC_ISA_USAGE = YES_ERROR;
				CLANG_WARN_DOCUMENTATION_COMMENTS = YES;
				CLANG_WARN_EMPTY_BODY = YES;
				CLANG_WARN_ENUM_CONVERSION = YES;
				CLANG_WARN_INFINITE_RECURSION = YES;
				CLANG_WARN_INT_CONVERSION = YES;
				CLANG_WARN_NON_LITERAL_NULL_CONVERSION = YES;
				CLANG_WARN_OBJC_IMPLICIT_RETAIN_SELF = YES;
				CLANG_WARN_OBJC_LITERAL_CONVERSION = YES;
				CLANG_WARN_OBJC_ROOT_CLASS = YES_ERROR;
				CLANG_WARN_QUOTED_INCLUDE_IN_FRAMEWORK_HEADER = YES;
				CLANG_WARN_RANGE_LOOP_ANALYSIS = YES;
				CLANG_WARN_STRICT_PROTOTYPES = YES;
				CLANG_WARN_SUSPICIOUS_MOVE = YES;
				CLANG_WARN_UNGUARDED_AVAILABILITY = YES_AGGRESSIVE;
				CLANG_WARN_UNREACHABLE_CODE = YES;
				CLANG_WARN__DUPLICATE_METHOD_MATCH = YES;
				COPY_PHASE_STRIP = NO;
				DEBUG_INFORMATION_FORMAT = "dwarf-with-dsym";
				ENABLE_NS_ASSERTIONS = NO;
				ENABLE_STRICT_OBJC_MSGSEND = YES;
				GCC_C_LANGUAGE_STANDARD = gnu11;
				GCC_NO_COMMON_BLOCKS = YES;
				GCC_WARN_64_TO_32_BIT_CONVERSION = YES;
				GCC_WARN_ABOUT_RETURN_TYPE = YES_ERROR;
				GCC_WARN_UNDECLARED_SELECTOR = YES;
				GCC_WARN_UNINITIALIZED_AUTOS = YES_AGGRESSIVE;
				GCC_WARN_UNUSED_FUNCTION = YES;
				GCC_WARN_UNUSED_VARIABLE = YES;
				IPHONEOS_DEPLOYMENT_TARGET = 14.5;
				MTL_ENABLE_DEBUG_INFO = NO;
				MTL_FAST_MATH = YES;
				SDKROOT = iphoneos;
				SWIFT_COMPILATION_MODE = wholemodule;
				SWIFT_OPTIMIZATION_LEVEL = "-O";
				VALIDATE_PRODUCT = YES;
			};
			name = Release;
		};
		E477EC4E26A839FD00EA3B1B /* Debug */ = {
			isa = XCBuildConfiguration;
			buildSettings = {
				ASSETCATALOG_COMPILER_APPICON_NAME = AppIcon;
				ASSETCATALOG_COMPILER_GLOBAL_ACCENT_COLOR_NAME = AccentColor;
				CODE_SIGN_STYLE = Automatic;
				DEVELOPMENT_TEAM = Y82RUDS2MS;
				INFOPLIST_FILE = "places to visit app/Info.plist";
				LD_RUNPATH_SEARCH_PATHS = (
					"$(inherited)",
					"@executable_path/Frameworks",
				);
				PRODUCT_BUNDLE_IDENTIFIER = "BrightNetworkTraining.places-to-visit-app";
				PRODUCT_NAME = "$(TARGET_NAME)";
				SWIFT_VERSION = 5.0;
				TARGETED_DEVICE_FAMILY = "1,2";
			};
			name = Debug;
		};
		E477EC4F26A839FD00EA3B1B /* Release */ = {
			isa = XCBuildConfiguration;
			buildSettings = {
				ASSETCATALOG_COMPILER_APPICON_NAME = AppIcon;
				ASSETCATALOG_COMPILER_GLOBAL_ACCENT_COLOR_NAME = AccentColor;
				CODE_SIGN_STYLE = Automatic;
				DEVELOPMENT_TEAM = Y82RUDS2MS;
				INFOPLIST_FILE = "places to visit app/Info.plist";
				LD_RUNPATH_SEARCH_PATHS = (
					"$(inherited)",
					"@executable_path/Frameworks",
				);
				PRODUCT_BUNDLE_IDENTIFIER = "BrightNetworkTraining.places-to-visit-app";
				PRODUCT_NAME = "$(TARGET_NAME)";
				SWIFT_VERSION = 5.0;
				TARGETED_DEVICE_FAMILY = "1,2";
			};
			name = Release;
		};
		E477EC5126A839FD00EA3B1B /* Debug */ = {
			isa = XCBuildConfiguration;
			buildSettings = {
				ALWAYS_EMBED_SWIFT_STANDARD_LIBRARIES = YES;
				BUNDLE_LOADER = "$(TEST_HOST)";
				CLANG_ENABLE_MODULES = YES;
				CODE_SIGN_STYLE = Automatic;
				DEVELOPMENT_TEAM = Y82RUDS2MS;
				INFOPLIST_FILE = "places to visit appTests/Info.plist";
				IPHONEOS_DEPLOYMENT_TARGET = 14.5;
				LD_RUNPATH_SEARCH_PATHS = (
					"$(inherited)",
					"@executable_path/Frameworks",
					"@loader_path/Frameworks",
				);
				PRODUCT_BUNDLE_IDENTIFIER = "BrightNetworkTraining.places-to-visit-appTests";
				PRODUCT_NAME = "$(TARGET_NAME)";
				SWIFT_OPTIMIZATION_LEVEL = "-Onone";
				SWIFT_VERSION = 5.0;
				TARGETED_DEVICE_FAMILY = "1,2";
				TEST_HOST = "$(BUILT_PRODUCTS_DIR)/places to visit app.app/places to visit app";
			};
			name = Debug;
		};
		E477EC5226A839FD00EA3B1B /* Release */ = {
			isa = XCBuildConfiguration;
			buildSettings = {
				ALWAYS_EMBED_SWIFT_STANDARD_LIBRARIES = YES;
				BUNDLE_LOADER = "$(TEST_HOST)";
				CLANG_ENABLE_MODULES = YES;
				CODE_SIGN_STYLE = Automatic;
				DEVELOPMENT_TEAM = Y82RUDS2MS;
				INFOPLIST_FILE = "places to visit appTests/Info.plist";
				IPHONEOS_DEPLOYMENT_TARGET = 14.5;
				LD_RUNPATH_SEARCH_PATHS = (
					"$(inherited)",
					"@executable_path/Frameworks",
					"@loader_path/Frameworks",
				);
				PRODUCT_BUNDLE_IDENTIFIER = "BrightNetworkTraining.places-to-visit-appTests";
				PRODUCT_NAME = "$(TARGET_NAME)";
				SWIFT_VERSION = 5.0;
				TARGETED_DEVICE_FAMILY = "1,2";
				TEST_HOST = "$(BUILT_PRODUCTS_DIR)/places to visit app.app/places to visit app";
			};
			name = Release;
		};
		E477EC5426A839FD00EA3B1B /* Debug */ = {
			isa = XCBuildConfiguration;
			buildSettings = {
				ALWAYS_EMBED_SWIFT_STANDARD_LIBRARIES = YES;
				CLANG_ENABLE_MODULES = YES;
				CODE_SIGN_STYLE = Automatic;
				DEVELOPMENT_TEAM = Y82RUDS2MS;
				INFOPLIST_FILE = "places to visit appUITests/Info.plist";
				LD_RUNPATH_SEARCH_PATHS = (
					"$(inherited)",
					"@executable_path/Frameworks",
					"@loader_path/Frameworks",
				);
				PRODUCT_BUNDLE_IDENTIFIER = "BrightNetworkTraining.places-to-visit-appUITests";
				PRODUCT_NAME = "$(TARGET_NAME)";
				SWIFT_OPTIMIZATION_LEVEL = "-Onone";
				SWIFT_VERSION = 5.0;
				TARGETED_DEVICE_FAMILY = "1,2";
				TEST_TARGET_NAME = "places to visit app";
			};
			name = Debug;
		};
		E477EC5526A839FD00EA3B1B /* Release */ = {
			isa = XCBuildConfiguration;
			buildSettings = {
				ALWAYS_EMBED_SWIFT_STANDARD_LIBRARIES = YES;
				CLANG_ENABLE_MODULES = YES;
				CODE_SIGN_STYLE = Automatic;
				DEVELOPMENT_TEAM = Y82RUDS2MS;
				INFOPLIST_FILE = "places to visit appUITests/Info.plist";
				LD_RUNPATH_SEARCH_PATHS = (
					"$(inherited)",
					"@executable_path/Frameworks",
					"@loader_path/Frameworks",
				);
				PRODUCT_BUNDLE_IDENTIFIER = "BrightNetworkTraining.places-to-visit-appUITests";
				PRODUCT_NAME = "$(TARGET_NAME)";
				SWIFT_VERSION = 5.0;
				TARGETED_DEVICE_FAMILY = "1,2";
				TEST_TARGET_NAME = "places to visit app";
			};
			name = Release;
		};
/* End XCBuildConfiguration section */

/* Begin XCConfigurationList section */
		E477EC1E26A839FA00EA3B1B /* Build configuration list for PBXProject "places to visit app" */ = {
			isa = XCConfigurationList;
			buildConfigurations = (
				E477EC4B26A839FD00EA3B1B /* Debug */,
				E477EC4C26A839FD00EA3B1B /* Release */,
			);
			defaultConfigurationIsVisible = 0;
			defaultConfigurationName = Release;
		};
		E477EC4D26A839FD00EA3B1B /* Build configuration list for PBXNativeTarget "places to visit app" */ = {
			isa = XCConfigurationList;
			buildConfigurations = (
				E477EC4E26A839FD00EA3B1B /* Debug */,
				E477EC4F26A839FD00EA3B1B /* Release */,
			);
			defaultConfigurationIsVisible = 0;
			defaultConfigurationName = Release;
		};
		E477EC5026A839FD00EA3B1B /* Build configuration list for PBXNativeTarget "places to visit appTests" */ = {
			isa = XCConfigurationList;
			buildConfigurations = (
				E477EC5126A839FD00EA3B1B /* Debug */,
				E477EC5226A839FD00EA3B1B /* Release */,
			);
			defaultConfigurationIsVisible = 0;
			defaultConfigurationName = Release;
		};
		E477EC5326A839FD00EA3B1B /* Build configuration list for PBXNativeTarget "places to visit appUITests" */ = {
			isa = XCConfigurationList;
			buildConfigurations = (
				E477EC5426A839FD00EA3B1B /* Debug */,
				E477EC5526A839FD00EA3B1B /* Release */,
			);
			defaultConfigurationIsVisible = 0;
			defaultConfigurationName = Release;
		};
/* End XCConfigurationList section */
	};
	rootObject = E477EC1B26A839FA00EA3B1B /* Project object */;
}
